
Microsoft Visual Studio Solution File, Format Version 12.00
# Visual Studio 14
VisualStudioVersion = 14.0.24720.0
MinimumVisualStudioVersion = 10.0.40219.1
Project("{9092AA53-FB77-4645-B42D-1CCCA6BD08BD}") = "BetterLogic", "BetterLogic.njsproj", "{BFC8A71D-28DA-4646-A8B0-24E681EF5666}"
EndProject
Global
	GlobalSection(SolutionConfigurationPlatforms) = preSolution
		Debug|Any CPU = Debug|Any CPU
		Release|Any CPU = Release|Any CPU
	EndGlobalSection
	GlobalSection(ProjectConfigurationPlatforms) = postSolution
		{BFC8A71D-28DA-4646-A8B0-24E681EF5666}.Debug|Any CPU.ActiveCfg = Debug|Any CPU
		{BFC8A71D-28DA-4646-A8B0-24E681EF5666}.Debug|Any CPU.Build.0 = Debug|Any CPU
		{BFC8A71D-28DA-4646-A8B0-24E681EF5666}.Release|Any CPU.ActiveCfg = Release|Any CPU
		{BFC8A71D-28DA-4646-A8B0-24E681EF5666}.Release|Any CPU.Build.0 = Release|Any CPU
	EndGlobalSection
	GlobalSection(SolutionProperties) = preSolution
		HideSolutionNode = FALSE
	EndGlobalSection
EndGlobal
