
Microsoft Visual Studio Solution File, Format Version 12.00
# Visual Studio 15
VisualStudioVersion = 15.0.27703.2047
MinimumVisualStudioVersion = 10.0.40219.1
Project("{9092AA53-FB77-4645-B42D-1CCCA6BD08BD}") = "BetterLogicV2", "..\BetterLogicV2.njsproj", "{28AAD08F-4931-49D5-A4D9-AFE02FB86A23}"
EndProject
Global
	GlobalSection(SolutionConfigurationPlatforms) = preSolution
		Debug|Any CPU = Debug|Any CPU
		Release|Any CPU = Release|Any CPU
	EndGlobalSection
	GlobalSection(ProjectConfigurationPlatforms) = postSolution
		{28AAD08F-4931-49D5-A4D9-AFE02FB86A23}.Debug|Any CPU.ActiveCfg = Debug|Any CPU
		{28AAD08F-4931-49D5-A4D9-AFE02FB86A23}.Debug|Any CPU.Build.0 = Debug|Any CPU
		{28AAD08F-4931-49D5-A4D9-AFE02FB86A23}.Release|Any CPU.ActiveCfg = Release|Any CPU
		{28AAD08F-4931-49D5-A4D9-AFE02FB86A23}.Release|Any CPU.Build.0 = Release|Any CPU
	EndGlobalSection
	GlobalSection(SolutionProperties) = preSolution
		HideSolutionNode = FALSE
	EndGlobalSection
	GlobalSection(ExtensibilityGlobals) = postSolution
		SolutionGuid = {F8C7E7E4-763C-456E-872A-6C2CBBB577D2}
	EndGlobalSection
EndGlobal
